
Microsoft Visual Studio Solution File, Format Version 12.00
Project("{FAE04EC0-301F-11D3-BF4B-00C04F79EFBC}") = "WhisperWrapperCSharp", "WhisperWrapperCSharp\WhisperWrapperCSharp.csproj", "{1B30F6B7-47D3-4B07-9495-683883093230}"
EndProject
Global
	GlobalSection(SolutionConfigurationPlatforms) = preSolution
		Debug|Any CPU = Debug|Any CPU
		Release|Any CPU = Release|Any CPU
	EndGlobalSection
	GlobalSection(ProjectConfigurationPlatforms) = postSolution
		{1B30F6B7-47D3-4B07-9495-683883093230}.Debug|Any CPU.ActiveCfg = Debug|Any CPU
		{1B30F6B7-47D3-4B07-9495-683883093230}.Debug|Any CPU.Build.0 = Debug|Any CPU
		{1B30F6B7-47D3-4B07-9495-683883093230}.Release|Any CPU.ActiveCfg = Release|Any CPU
		{1B30F6B7-47D3-4B07-9495-683883093230}.Release|Any CPU.Build.0 = Release|Any CPU
	EndGlobalSection
EndGlobal
